
Microsoft Visual Studio Solution File, Format Version 12.00
# Visual Studio Version 16
VisualStudioVersion = 25.0.1706.8
MinimumVisualStudioVersion = 10.0.40219.1
Project("{FAE04EC0-301F-11D3-BF4B-00C04F79EFBC}") = "WesternManagementApp", "WesternManagementApp\WesternManagementApp.csproj", "{DE3E6A27-BBE1-4C0A-82CB-A1FDBD4FB5EC}"
EndProject
Global
	GlobalSection(SolutionConfigurationPlatforms) = preSolution
		Debug|Any CPU = Debug|Any CPU
		Release|Any CPU = Release|Any CPU
	EndGlobalSection
	GlobalSection(ProjectConfigurationPlatforms) = postSolution
		{DE3E6A27-BBE1-4C0A-82CB-A1FDBD4FB5EC}.Debug|Any CPU.ActiveCfg = Debug|Any CPU
		{DE3E6A27-BBE1-4C0A-82CB-A1FDBD4FB5EC}.Debug|Any CPU.Build.0 = Debug|Any CPU
		{DE3E6A27-BBE1-4C0A-82CB-A1FDBD4FB5EC}.Release|Any CPU.ActiveCfg = Release|Any CPU
		{DE3E6A27-BBE1-4C0A-82CB-A1FDBD4FB5EC}.Release|Any CPU.Build.0 = Release|Any CPU
	EndGlobalSection
	GlobalSection(SolutionProperties) = preSolution
		HideSolutionNode = FALSE
	EndGlobalSection
	GlobalSection(ExtensibilityGlobals) = postSolution
		SolutionGuid = {0523F6BE-748C-488C-9EEA-6CDFB49DDEEC}
	EndGlobalSection
EndGlobal
